
Microsoft Visual Studio Solution File, Format Version 12.00
# Visual Studio Version 17
VisualStudioVersion = 17.14.37111.16 d17.14
MinimumVisualStudioVersion = 10.0.40219.1
Project("{FAE04EC0-301F-11D3-BF4B-00C04F79EFBC}") = "VendasWebMvc", "VendasWebMvc\VendasWebMvc.csproj", "{F98D43CF-4DB4-4610-8736-67B0AF3CC4C3}"
EndProject
Global
	GlobalSection(SolutionConfigurationPlatforms) = preSolution
		Debug|Any CPU = Debug|Any CPU
		Release|Any CPU = Release|Any CPU
	EndGlobalSection
	GlobalSection(ProjectConfigurationPlatforms) = postSolution
		{F98D43CF-4DB4-4610-8736-67B0AF3CC4C3}.Debug|Any CPU.ActiveCfg = Debug|Any CPU
		{F98D43CF-4DB4-4610-8736-67B0AF3CC4C3}.Debug|Any CPU.Build.0 = Debug|Any CPU
		{F98D43CF-4DB4-4610-8736-67B0AF3CC4C3}.Release|Any CPU.ActiveCfg = Release|Any CPU
		{F98D43CF-4DB4-4610-8736-67B0AF3CC4C3}.Release|Any CPU.Build.0 = Release|Any CPU
	EndGlobalSection
	GlobalSection(SolutionProperties) = preSolution
		HideSolutionNode = FALSE
	EndGlobalSection
	GlobalSection(ExtensibilityGlobals) = postSolution
		SolutionGuid = {928267DD-DA4E-4EAB-BD19-3C23AE3A05ED}
	EndGlobalSection
EndGlobal
